
Microsoft Visual Studio Solution File, Format Version 12.00
# Visual Studio Version 17
VisualStudioVersion = 17.8.34322.80
MinimumVisualStudioVersion = 10.0.40219.1
Project("{FAE04EC0-301F-11D3-BF4B-00C04F79EFBC}") = "lab10", "lab10.csproj", "{AE93C9B6-863C-4DD5-B41A-EEEA61F23056}"
EndProject
Project("{FAE04EC0-301F-11D3-BF4B-00C04F79EFBC}") = "lab10_withoutVirtMethods", "lab10_withoutVirtMethods\lab10_withoutVirtMethods.csproj", "{A79A0EB8-E792-4843-9E13-F6EF7E6A4CB5}"
EndProject
Project("{FAE04EC0-301F-11D3-BF4B-00C04F79EFBC}") = "TestLab10", "TestLab10\TestLab10.csproj", "{68901BAD-5E12-4E90-A989-985383931899}"
EndProject
Global
	GlobalSection(SolutionConfigurationPlatforms) = preSolution
		Debug|Any CPU = Debug|Any CPU
		Release|Any CPU = Release|Any CPU
	EndGlobalSection
	GlobalSection(ProjectConfigurationPlatforms) = postSolution
		{AE93C9B6-863C-4DD5-B41A-EEEA61F23056}.Debug|Any CPU.ActiveCfg = Debug|Any CPU
		{AE93C9B6-863C-4DD5-B41A-EEEA61F23056}.Debug|Any CPU.Build.0 = Debug|Any CPU
		{AE93C9B6-863C-4DD5-B41A-EEEA61F23056}.Release|Any CPU.ActiveCfg = Release|Any CPU
		{AE93C9B6-863C-4DD5-B41A-EEEA61F23056}.Release|Any CPU.Build.0 = Release|Any CPU
		{A79A0EB8-E792-4843-9E13-F6EF7E6A4CB5}.Debug|Any CPU.ActiveCfg = Debug|Any CPU
		{A79A0EB8-E792-4843-9E13-F6EF7E6A4CB5}.Debug|Any CPU.Build.0 = Debug|Any CPU
		{A79A0EB8-E792-4843-9E13-F6EF7E6A4CB5}.Release|Any CPU.ActiveCfg = Release|Any CPU
		{A79A0EB8-E792-4843-9E13-F6EF7E6A4CB5}.Release|Any CPU.Build.0 = Release|Any CPU
		{68901BAD-5E12-4E90-A989-985383931899}.Debug|Any CPU.ActiveCfg = Debug|Any CPU
		{68901BAD-5E12-4E90-A989-985383931899}.Debug|Any CPU.Build.0 = Debug|Any CPU
		{68901BAD-5E12-4E90-A989-985383931899}.Release|Any CPU.ActiveCfg = Release|Any CPU
		{68901BAD-5E12-4E90-A989-985383931899}.Release|Any CPU.Build.0 = Release|Any CPU
	EndGlobalSection
	GlobalSection(SolutionProperties) = preSolution
		HideSolutionNode = FALSE
	EndGlobalSection
	GlobalSection(ExtensibilityGlobals) = postSolution
		SolutionGuid = {C479C844-DD90-4D92-9008-3C10527D53BD}
	EndGlobalSection
EndGlobal
