
Microsoft Visual Studio Solution File, Format Version 12.00
Project("{FAE04EC0-301F-11D3-BF4B-00C04F79EFBC}") = "Lab12_1", "Lab12_1\Lab12_1.csproj", "{22B98104-9ADF-446C-BBBA-326FF1673C5A}"
EndProject
Project("{FAE04EC0-301F-11D3-BF4B-00C04F79EFBC}") = "Lab12_2", "Lab12_2\Lab12_2.csproj", "{E1B24AFC-20FB-40A1-97E9-8394B90C5D7C}"
EndProject
Project("{FAE04EC0-301F-11D3-BF4B-00C04F79EFBC}") = "Lab12_3", "Lab12_3\Lab12_3.csproj", "{BBE2CE28-D4CA-4173-A8E9-8A4C21B6D71C}"
EndProject
Project("{FAE04EC0-301F-11D3-BF4B-00C04F79EFBC}") = "Lab12_4_list", "Lab12_4_list\Lab12_4_list.csproj", "{56758940-FBBD-47EC-B296-45B74D1357A9}"
EndProject
Project("{FAE04EC0-301F-11D3-BF4B-00C04F79EFBC}") = "Test_lab_12_1", "Test_lab_12_1\Test_lab_12_1.csproj", "{79BFA290-4EB4-4469-95B7-B45EE3E113C7}"
EndProject
Global
	GlobalSection(SolutionConfigurationPlatforms) = preSolution
		Debug|Any CPU = Debug|Any CPU
		Release|Any CPU = Release|Any CPU
	EndGlobalSection
	GlobalSection(ProjectConfigurationPlatforms) = postSolution
		{22B98104-9ADF-446C-BBBA-326FF1673C5A}.Debug|Any CPU.ActiveCfg = Debug|Any CPU
		{22B98104-9ADF-446C-BBBA-326FF1673C5A}.Release|Any CPU.ActiveCfg = Release|Any CPU
		{22B98104-9ADF-446C-BBBA-326FF1673C5A}.Release|Any CPU.Build.0 = Release|Any CPU
		{22B98104-9ADF-446C-BBBA-326FF1673C5A}.Debug|Any CPU.Build.0 = Debug|Any CPU
		{E1B24AFC-20FB-40A1-97E9-8394B90C5D7C}.Debug|Any CPU.ActiveCfg = Debug|Any CPU
		{E1B24AFC-20FB-40A1-97E9-8394B90C5D7C}.Release|Any CPU.ActiveCfg = Release|Any CPU
		{E1B24AFC-20FB-40A1-97E9-8394B90C5D7C}.Release|Any CPU.Build.0 = Release|Any CPU
		{E1B24AFC-20FB-40A1-97E9-8394B90C5D7C}.Debug|Any CPU.Build.0 = Debug|Any CPU
		{BBE2CE28-D4CA-4173-A8E9-8A4C21B6D71C}.Debug|Any CPU.ActiveCfg = Debug|Any CPU
		{BBE2CE28-D4CA-4173-A8E9-8A4C21B6D71C}.Release|Any CPU.ActiveCfg = Release|Any CPU
		{BBE2CE28-D4CA-4173-A8E9-8A4C21B6D71C}.Release|Any CPU.Build.0 = Release|Any CPU
		{BBE2CE28-D4CA-4173-A8E9-8A4C21B6D71C}.Debug|Any CPU.Build.0 = Debug|Any CPU
		{56758940-FBBD-47EC-B296-45B74D1357A9}.Debug|Any CPU.ActiveCfg = Debug|Any CPU
		{56758940-FBBD-47EC-B296-45B74D1357A9}.Debug|Any CPU.Build.0 = Debug|Any CPU
		{56758940-FBBD-47EC-B296-45B74D1357A9}.Release|Any CPU.ActiveCfg = Release|Any CPU
		{56758940-FBBD-47EC-B296-45B74D1357A9}.Release|Any CPU.Build.0 = Release|Any CPU
		{79BFA290-4EB4-4469-95B7-B45EE3E113C7}.Debug|Any CPU.ActiveCfg = Debug|Any CPU
		{79BFA290-4EB4-4469-95B7-B45EE3E113C7}.Release|Any CPU.ActiveCfg = Release|Any CPU
		{79BFA290-4EB4-4469-95B7-B45EE3E113C7}.Release|Any CPU.Build.0 = Release|Any CPU
	EndGlobalSection
EndGlobal
